
Microsoft Visual Studio Solution File, Format Version 12.00
# Visual Studio Version 16
VisualStudioVersion = 16.0.31105.61
MinimumVisualStudioVersion = 10.0.40219.1
Project("{FAE04EC0-301F-11D3-BF4B-00C04F79EFBC}") = "Assembly-CSharp", "Assembly-CSharp.csproj", "{E48E143F-08C7-D866-F0B0-41FEFA5072B9}"
EndProject
Project("{FAE04EC0-301F-11D3-BF4B-00C04F79EFBC}") = "Assembly-CSharp-firstpass", "Assembly-CSharp-firstpass.csproj", "{41D05C07-2F63-F922-F2BD-3675C967AAD3}"
EndProject
Project("{FAE04EC0-301F-11D3-BF4B-00C04F79EFBC}") = "Assembly-CSharp-Editor", "Assembly-CSharp-Editor.csproj", "{A34DE068-F1A7-1D9A-B5B9-13FDF15F994F}"
EndProject
Global
	GlobalSection(SolutionConfigurationPlatforms) = preSolution
		Debug|Any CPU = Debug|Any CPU
		Release|Any CPU = Release|Any CPU
	EndGlobalSection
	GlobalSection(ProjectConfigurationPlatforms) = postSolution
		{E48E143F-08C7-D866-F0B0-41FEFA5072B9}.Debug|Any CPU.ActiveCfg = Debug|Any CPU
		{E48E143F-08C7-D866-F0B0-41FEFA5072B9}.Debug|Any CPU.Build.0 = Debug|Any CPU
		{E48E143F-08C7-D866-F0B0-41FEFA5072B9}.Release|Any CPU.ActiveCfg = Release|Any CPU
		{E48E143F-08C7-D866-F0B0-41FEFA5072B9}.Release|Any CPU.Build.0 = Release|Any CPU
		{41D05C07-2F63-F922-F2BD-3675C967AAD3}.Debug|Any CPU.ActiveCfg = Debug|Any CPU
		{41D05C07-2F63-F922-F2BD-3675C967AAD3}.Debug|Any CPU.Build.0 = Debug|Any CPU
		{41D05C07-2F63-F922-F2BD-3675C967AAD3}.Release|Any CPU.ActiveCfg = Release|Any CPU
		{41D05C07-2F63-F922-F2BD-3675C967AAD3}.Release|Any CPU.Build.0 = Release|Any CPU
		{A34DE068-F1A7-1D9A-B5B9-13FDF15F994F}.Debug|Any CPU.ActiveCfg = Debug|Any CPU
		{A34DE068-F1A7-1D9A-B5B9-13FDF15F994F}.Debug|Any CPU.Build.0 = Debug|Any CPU
		{A34DE068-F1A7-1D9A-B5B9-13FDF15F994F}.Release|Any CPU.ActiveCfg = Release|Any CPU
		{A34DE068-F1A7-1D9A-B5B9-13FDF15F994F}.Release|Any CPU.Build.0 = Release|Any CPU
	EndGlobalSection
	GlobalSection(SolutionProperties) = preSolution
		HideSolutionNode = FALSE
	EndGlobalSection
	GlobalSection(ExtensibilityGlobals) = postSolution
		SolutionGuid = {CE70E3D4-0FAE-434C-B233-D3CE86799E0B}
	EndGlobalSection
EndGlobal
